// !$*UTF8*$!
{
	archiveVersion = 1;
	classes = {
	};
	objectVersion = 50;
	objects = {

/* Begin PBXBuildFile section */
		0D83056E281959CD00DE3156 /* AppDelegate.swift in Sources */ = {isa = PBXBuildFile; fileRef = 0D83056D281959CD00DE3156 /* AppDelegate.swift */; };
		0D830570281959CD00DE3156 /* SceneDelegate.swift in Sources */ = {isa = PBXBuildFile; fileRef = 0D83056F281959CD00DE3156 /* SceneDelegate.swift */; };
		0D830572281959CD00DE3156 /* ViewController.swift in Sources */ = {isa = PBXBuildFile; fileRef = 0D830571281959CD00DE3156 /* ViewController.swift */; };
		0D830575281959CD00DE3156 /* Main.storyboard in Resources */ = {isa = PBXBuildFile; fileRef = 0D830573281959CD00DE3156 /* Main.storyboard */; };
		0D830577281959CF00DE3156 /* Assets.xcassets in Resources */ = {isa = PBXBuildFile; fileRef = 0D830576281959CF00DE3156 /* Assets.xcassets */; };
		0D83057A281959CF00DE3156 /* LaunchScreen.storyboard in Resources */ = {isa = PBXBuildFile; fileRef = 0D830578281959CF00DE3156 /* LaunchScreen.storyboard */; };
		0D83058328195F8000DE3156 /* searchCell.swift in Sources */ = {isa = PBXBuildFile; fileRef = 0D83058128195F8000DE3156 /* searchCell.swift */; };
		0D83058428195F8000DE3156 /* searchCell.xib in Resources */ = {isa = PBXBuildFile; fileRef = 0D83058228195F8000DE3156 /* searchCell.xib */; };
		0D830589281960AD00DE3156 /* ProductCell.swift in Sources */ = {isa = PBXBuildFile; fileRef = 0D830587281960AD00DE3156 /* ProductCell.swift */; };
		0D83058A281960AD00DE3156 /* ProductCell.xib in Resources */ = {isa = PBXBuildFile; fileRef = 0D830588281960AD00DE3156 /* ProductCell.xib */; };
/* End PBXBuildFile section */

/* Begin PBXFileReference section */
		0D83056A281959CD00DE3156 /* UITableView_adv.app */ = {isa = PBXFileReference; explicitFileType = wrapper.application; includeInIndex = 0; path = UITableView_adv.app; sourceTree = BUILT_PRODUCTS_DIR; };
		0D83056D281959CD00DE3156 /* AppDelegate.swift */ = {isa = PBXFileReference; lastKnownFileType = sourcecode.swift; path = AppDelegate.swift; sourceTree = "<group>"; };
		0D83056F281959CD00DE3156 /* SceneDelegate.swift */ = {isa = PBXFileReference; lastKnownFileType = sourcecode.swift; path = SceneDelegate.swift; sourceTree = "<group>"; };
		0D830571281959CD00DE3156 /* ViewController.swift */ = {isa = PBXFileReference; lastKnownFileType = sourcecode.swift; path = ViewController.swift; sourceTree = "<group>"; };
		0D830574281959CD00DE3156 /* Base */ = {isa = PBXFileReference; lastKnownFileType = file.storyboard; name = Base; path = Base.lproj/Main.storyboard; sourceTree = "<group>"; };
		0D830576281959CF00DE3156 /* Assets.xcassets */ = {isa = PBXFileReference; lastKnownFileType = folder.assetcatalog; path = Assets.xcassets; sourceTree = "<group>"; };
		0D830579281959CF00DE3156 /* Base */ = {isa = PBXFileReference; lastKnownFileType = file.storyboard; name = Base; path = Base.lproj/LaunchScreen.storyboard; sourceTree = "<group>"; };
		0D83057B281959CF00DE3156 /* Info.plist */ = {isa = PBXFileReference; lastKnownFileType = text.plist.xml; path = Info.plist; sourceTree = "<group>"; };
		0D83058128195F8000DE3156 /* searchCell.swift */ = {isa = PBXFileReference; lastKnownFileType = sourcecode.swift; path = searchCell.swift; sourceTree = "<group>"; };
		0D83058228195F8000DE3156 /* searchCell.xib */ = {isa = PBXFileReference; lastKnownFileType = file.xib; path = searchCell.xib; sourceTree = "<group>"; };
		0D830587281960AD00DE3156 /* ProductCell.swift */ = {isa = PBXFileReference; lastKnownFileType = sourcecode.swift; path = ProductCell.swift; sourceTree = "<group>"; };
		0D830588281960AD00DE3156 /* ProductCell.xib */ = {isa = PBXFileReference; lastKnownFileType = file.xib; path = ProductCell.xib; sourceTree = "<group>"; };
/* End PBXFileReference section */

/* Begin PBXFrameworksBuildPhase section */
		0D830567281959CD00DE3156 /* Frameworks */ = {
			isa = PBXFrameworksBuildPhase;
			buildActionMask = 2147483647;
			files = (
			);
			runOnlyForDeploymentPostprocessing = 0;
		};
/* End PBXFrameworksBuildPhase section */

/* Begin PBXGroup section */
		0D830561281959CD00DE3156 = {
			isa = PBXGroup;
			children = (
				0D83056C281959CD00DE3156 /* UITableView_adv */,
				0D83056B281959CD00DE3156 /* Products */,
			);
			sourceTree = "<group>";
		};
		0D83056B281959CD00DE3156 /* Products */ = {
			isa = PBXGroup;
			children = (
				0D83056A281959CD00DE3156 /* UITableView_adv.app */,
			);
			name = Products;
			sourceTree = "<group>";
		};
		0D83056C281959CD00DE3156 /* UITableView_adv */ = {
			isa = PBXGroup;
			children = (
				0D8305862819607C00DE3156 /* Cell */,
				0D83056D281959CD00DE3156 /* AppDelegate.swift */,
				0D83056F281959CD00DE3156 /* SceneDelegate.swift */,
				0D830571281959CD00DE3156 /* ViewController.swift */,
				0D830573281959CD00DE3156 /* Main.storyboard */,
				0D830576281959CF00DE3156 /* Assets.xcassets */,
				0D830578281959CF00DE3156 /* LaunchScreen.storyboard */,
				0D83057B281959CF00DE3156 /* Info.plist */,
			);
			path = UITableView_adv;
			sourceTree = "<group>";
		};
		0D8305862819607C00DE3156 /* Cell */ = {
			isa = PBXGroup;
			children = (
				0D83058128195F8000DE3156 /* searchCell.swift */,
				0D83058228195F8000DE3156 /* searchCell.xib */,
				0D830587281960AD00DE3156 /* ProductCell.swift */,
				0D830588281960AD00DE3156 /* ProductCell.xib */,
			);
			path = Cell;
			sourceTree = "<group>";
		};
/* End PBXGroup section */

/* Begin PBXNativeTarget section */
		0D830569281959CD00DE3156 /* UITableView_adv */ = {
			isa = PBXNativeTarget;
			buildConfigurationList = 0D83057E281959CF00DE3156 /* Build configuration list for PBXNativeTarget "UITableView_adv" */;
			buildPhases = (
				0D830566281959CD00DE3156 /* Sources */,
				0D830567281959CD00DE3156 /* Frameworks */,
				0D830568281959CD00DE3156 /* Resources */,
			);
			buildRules = (
			);
			dependencies = (
			);
			name = UITableView_adv;
			productName = UITableView_adv;
			productReference = 0D83056A281959CD00DE3156 /* UITableView_adv.app */;
			productType = "com.apple.product-type.application";
		};
/* End PBXNativeTarget section */

/* Begin PBXProject section */
		0D830562281959CD00DE3156 /* Project object */ = {
			isa = PBXProject;
			attributes = {
				LastSwiftUpdateCheck = 1250;
				LastUpgradeCheck = 1250;
				TargetAttributes = {
					0D830569281959CD00DE3156 = {
						CreatedOnToolsVersion = 12.5.1;
					};
				};
			};
			buildConfigurationList = 0D830565281959CD00DE3156 /* Build configuration list for PBXProject "UITableView_adv" */;
			compatibilityVersion = "Xcode 9.3";
			developmentRegion = en;
			hasScannedForEncodings = 0;
			knownRegions = (
				en,
				Base,
			);
			mainGroup = 0D830561281959CD00DE3156;
			productRefGroup = 0D83056B281959CD00DE3156 /* Products */;
			projectDirPath = "";
			projectRoot = "";
			targets = (
				0D830569281959CD00DE3156 /* UITableView_adv */,
			);
		};
/* End PBXProject section */

/* Begin PBXResourcesBuildPhase section */
		0D830568281959CD00DE3156 /* Resources */ = {
			isa = PBXResourcesBuildPhase;
			buildActionMask = 2147483647;
			files = (
				0D83057A281959CF00DE3156 /* LaunchScreen.storyboard in Resources */,
				0D83058428195F8000DE3156 /* searchCell.xib in Resources */,
				0D83058A281960AD00DE3156 /* ProductCell.xib in Resources */,
				0D830577281959CF00DE3156 /* Assets.xcassets in Resources */,
				0D830575281959CD00DE3156 /* Main.storyboard in Resources */,
			);
			runOnlyForDeploymentPostprocessing = 0;
		};
/* End PBXResourcesBuildPhase section */

/* Begin PBXSourcesBuildPhase section */
		0D830566281959CD00DE3156 /* Sources */ = {
			isa = PBXSourcesBuildPhase;
			buildActionMask = 2147483647;
			files = (
				0D830572281959CD00DE3156 /* ViewController.swift in Sources */,
				0D83058328195F8000DE3156 /* searchCell.swift in Sources */,
				0D830589281960AD00DE3156 /* ProductCell.swift in Sources */,
				0D83056E281959CD00DE3156 /* AppDelegate.swift in Sources */,
				0D830570281959CD00DE3156 /* SceneDelegate.swift in Sources */,
			);
			runOnlyForDeploymentPostprocessing = 0;
		};
/* End PBXSourcesBuildPhase section */

/* Begin PBXVariantGroup section */
		0D830573281959CD00DE3156 /* Main.storyboard */ = {
			isa = PBXVariantGroup;
			children = (
				0D830574281959CD00DE3156 /* Base */,
			);
			name = Main.storyboard;
			sourceTree = "<group>";
		};
		0D830578281959CF00DE3156 /* LaunchScreen.storyboard */ = {
			isa = PBXVariantGroup;
			children = (
				0D830579281959CF00DE3156 /* Base */,
			);
			name = LaunchScreen.storyboard;
			sourceTree = "<group>";
		};
/* End PBXVariantGroup section */

/* Begin XCBuildConfiguration section */
		0D83057C281959CF00DE3156 /* Debug */ = {
			isa = XCBuildConfiguration;
			buildSettings = {
				ALWAYS_SEARCH_USER_PATHS = NO;
				CLANG_ANALYZER_NONNULL = YES;
				CLANG_ANALYZER_NUMBER_OBJECT_CONVERSION = YES_AGGRESSIVE;
				CLANG_CXX_LANGUAGE_STANDARD = "gnu++14";
				CLANG_CXX_LIBRARY = "libc++";
				CLANG_ENABLE_MODULES = YES;
				CLANG_ENABLE_OBJC_ARC = YES;
				CLANG_ENABLE_OBJC_WEAK = YES;
				CLANG_WARN_BLOCK_CAPTURE_AUTORELEASING = YES;
				CLANG_WARN_BOOL_CONVERSION = YES;
				CLANG_WARN_COMMA = YES;
				CLANG_WARN_CONSTANT_CONVERSION = YES;
				CLANG_WARN_DEPRECATED_OBJC_IMPLEMENTATIONS = YES;
				CLANG_WARN_DIRECT_OBJC_ISA_USAGE = YES_ERROR;
				CLANG_WARN_DOCUMENTATION_COMMENTS = YES;
				CLANG_WARN_EMPTY_BODY = YES;
				CLANG_WARN_ENUM_CONVERSION = YES;
				CLANG_WARN_INFINITE_RECURSION = YES;
				CLANG_WARN_INT_CONVERSION = YES;
				CLANG_WARN_NON_LITERAL_NULL_CONVERSION = YES;
				CLANG_WARN_OBJC_IMPLICIT_RETAIN_SELF = YES;
				CLANG_WARN_OBJC_LITERAL_CONVERSION = YES;
				CLANG_WARN_OBJC_ROOT_CLASS = YES_ERROR;
				CLANG_WARN_QUOTED_INCLUDE_IN_FRAMEWORK_HEADER = YES;
				CLANG_WARN_RANGE_LOOP_ANALYSIS = YES;
				CLANG_WARN_STRICT_PROTOTYPES = YES;
				CLANG_WARN_SUSPICIOUS_MOVE = YES;
				CLANG_WARN_UNGUARDED_AVAILABILITY = YES_AGGRESSIVE;
				CLANG_WARN_UNREACHABLE_CODE = YES;
				CLANG_WARN__DUPLICATE_METHOD_MATCH = YES;
				COPY_PHASE_STRIP = NO;
				DEBUG_INFORMATION_FORMAT = dwarf;
				ENABLE_STRICT_OBJC_MSGSEND = YES;
				ENABLE_TESTABILITY = YES;
				GCC_C_LANGUAGE_STANDARD = gnu11;
				GCC_DYNAMIC_NO_PIC = NO;
				GCC_NO_COMMON_BLOCKS = YES;
				GCC_OPTIMIZATION_LEVEL = 0;
				GCC_PREPROCESSOR_DEFINITIONS = (
					"DEBUG=1",
					"$(inherited)",
				);
				GCC_WARN_64_TO_32_BIT_CONVERSION = YES;
				GCC_WARN_ABOUT_RETURN_TYPE = YES_ERROR;
				GCC_WARN_UNDECLARED_SELECTOR = YES;
				GCC_WARN_UNINITIALIZED_AUTOS = YES_AGGRESSIVE;
				GCC_WARN_UNUSED_FUNCTION = YES;
				GCC_WARN_UNUSED_VARIABLE = YES;
				IPHONEOS_DEPLOYMENT_TARGET = 14.5;
				MTL_ENABLE_DEBUG_INFO = INCLUDE_SOURCE;
				MTL_FAST_MATH = YES;
				ONLY_ACTIVE_ARCH = YES;
				SDKROOT = iphoneos;
				SWIFT_ACTIVE_COMPILATION_CONDITIONS = DEBUG;
				SWIFT_OPTIMIZATION_LEVEL = "-Onone";
			};
			name = Debug;
		};
		0D83057D281959CF00DE3156 /* Release */ = {
			isa = XCBuildConfiguration;
			buildSettings = {
				ALWAYS_SEARCH_USER_PATHS = NO;
				CLANG_ANALYZER_NONNULL = YES;
				CLANG_ANALYZER_NUMBER_OBJECT_CONVERSION = YES_AGGRESSIVE;
				CLANG_CXX_LANGUAGE_STANDARD = "gnu++14";
				CLANG_CXX_LIBRARY = "libc++";
				CLANG_ENABLE_MODULES = YES;
				CLANG_ENABLE_OBJC_ARC = YES;
				CLANG_ENABLE_OBJC_WEAK = YES;
				CLANG_WARN_BLOCK_CAPTURE_AUTORELEASING = YES;
				CLANG_WARN_BOOL_CONVERSION = YES;
				CLANG_WARN_COMMA = YES;
				CLANG_WARN_CONSTANT_CONVERSION = YES;
				CLANG_WARN_DEPRECATED_OBJC_IMPLEMENTATIONS = YES;
				CLANG_WARN_DIRECT_OBJC_ISA_USAGE = YES_ERROR;
				CLANG_WARN_DOCUMENTATION_COMMENTS = YES;
				CLANG_WARN_EMPTY_BODY = YES;
				CLANG_WARN_ENUM_CONVERSION = YES;
				CLANG_WARN_INFINITE_RECURSION = YES;
				CLANG_WARN_INT_CONVERSION = YES;
				CLANG_WARN_NON_LITERAL_NULL_CONVERSION = YES;
				CLANG_WARN_OBJC_IMPLICIT_RETAIN_SELF = YES;
				CLANG_WARN_OBJC_LITERAL_CONVERSION = YES;
				CLANG_WARN_OBJC_ROOT_CLASS = YES_ERROR;
				CLANG_WARN_QUOTED_INCLUDE_IN_FRAMEWORK_HEADER = YES;
				CLANG_WARN_RANGE_LOOP_ANALYSIS = YES;
				CLANG_WARN_STRICT_PROTOTYPES = YES;
				CLANG_WARN_SUSPICIOUS_MOVE = YES;
				CLANG_WARN_UNGUARDED_AVAILABILITY = YES_AGGRESSIVE;
				CLANG_WARN_UNREACHABLE_CODE = YES;
				CLANG_WARN__DUPLICATE_METHOD_MATCH = YES;
				COPY_PHASE_STRIP = NO;
				DEBUG_INFORMATION_FORMAT = "dwarf-with-dsym";
				ENABLE_NS_ASSERTIONS = NO;
				ENABLE_STRICT_OBJC_MSGSEND = YES;
				GCC_C_LANGUAGE_STANDARD = gnu11;
				GCC_NO_COMMON_BLOCKS = YES;
				GCC_WARN_64_TO_32_BIT_CONVERSION = YES;
				GCC_WARN_ABOUT_RETURN_TYPE = YES_ERROR;
				GCC_WARN_UNDECLARED_SELECTOR = YES;
				GCC_WARN_UNINITIALIZED_AUTOS = YES_AGGRESSIVE;
				GCC_WARN_UNUSED_FUNCTION = YES;
				GCC_WARN_UNUSED_VARIABLE = YES;
				IPHONEOS_DEPLOYMENT_TARGET = 14.5;
				MTL_ENABLE_DEBUG_INFO = NO;
				MTL_FAST_MATH = YES;
				SDKROOT = iphoneos;
				SWIFT_COMPILATION_MODE = wholemodule;
				SWIFT_OPTIMIZATION_LEVEL = "-O";
				VALIDATE_PRODUCT = YES;
			};
			name = Release;
		};
		0D83057F281959CF00DE3156 /* Debug */ = {
			isa = XCBuildConfiguration;
			buildSettings = {
				ASSETCATALOG_COMPILER_APPICON_NAME = AppIcon;
				ASSETCATALOG_COMPILER_GLOBAL_ACCENT_COLOR_NAME = AccentColor;
				CODE_SIGN_STYLE = Automatic;
				INFOPLIST_FILE = UITableView_adv/Info.plist;
				LD_RUNPATH_SEARCH_PATHS = (
					"$(inherited)",
					"@executable_path/Frameworks",
				);
				PRODUCT_BUNDLE_IDENTIFIER = "ss.UITableView-adv";
				PRODUCT_NAME = "$(TARGET_NAME)";
				SWIFT_VERSION = 5.0;
				TARGETED_DEVICE_FAMILY = "1,2";
			};
			name = Debug;
		};
		0D830580281959CF00DE3156 /* Release */ = {
			isa = XCBuildConfiguration;
			buildSettings = {
				ASSETCATALOG_COMPILER_APPICON_NAME = AppIcon;
				ASSETCATALOG_COMPILER_GLOBAL_ACCENT_COLOR_NAME = AccentColor;
				CODE_SIGN_STYLE = Automatic;
				INFOPLIST_FILE = UITableView_adv/Info.plist;
				LD_RUNPATH_SEARCH_PATHS = (
					"$(inherited)",
					"@executable_path/Frameworks",
				);
				PRODUCT_BUNDLE_IDENTIFIER = "ss.UITableView-adv";
				PRODUCT_NAME = "$(TARGET_NAME)";
				SWIFT_VERSION = 5.0;
				TARGETED_DEVICE_FAMILY = "1,2";
			};
			name = Release;
		};
/* End XCBuildConfiguration section */

/* Begin XCConfigurationList section */
		0D830565281959CD00DE3156 /* Build configuration list for PBXProject "UITableView_adv" */ = {
			isa = XCConfigurationList;
			buildConfigurations = (
				0D83057C281959CF00DE3156 /* Debug */,
				0D83057D281959CF00DE3156 /* Release */,
			);
			defaultConfigurationIsVisible = 0;
			defaultConfigurationName = Release;
		};
		0D83057E281959CF00DE3156 /* Build configuration list for PBXNativeTarget "UITableView_adv" */ = {
			isa = XCConfigurationList;
			buildConfigurations = (
				0D83057F281959CF00DE3156 /* Debug */,
				0D830580281959CF00DE3156 /* Release */,
			);
			defaultConfigurationIsVisible = 0;
			defaultConfigurationName = Release;
		};
/* End XCConfigurationList section */
	};
	rootObject = 0D830562281959CD00DE3156 /* Project object */;
}
